{
  "version": 4,
  "terraform_version": "1.15.5",
  "serial": 67,
  "lineage": "3a9f75c2-249a-0680-09e6-5370be5cce16",
  "outputs": {
    "alb_dns": {
      "value": "ai-agent-chat-prod-alb-497857198.us-east-1.elb.amazonaws.com",
      "type": "string"
    },
    "cloudfront_url": {
      "value": "https://dmsubqnpr7kho.cloudfront.net",
      "type": "string"
    },
    "cloudwatch_log_group": {
      "value": "/ecs/ai-agent-chat-prod-backend",
      "type": "string"
    },
    "ecr_repository_url": {
      "value": "702079500523.dkr.ecr.us-east-1.amazonaws.com/ai-agent-chat-prod-backend",
      "type": "string"
    },
    "ecs_cluster_name": {
      "value": "ai-agent-chat-prod-cluster",
      "type": "string"
    },
    "ecs_service_name": {
      "value": "ai-agent-chat-prod-backend",
      "type": "string"
    },
    "rds_endpoint": {
      "value": "ai-agent-chat-prod-postgres.c494s8ewwaiq.us-east-1.rds.amazonaws.com",
      "type": "string",
      "sensitive": true
    },
    "s3_bucket_name": {
      "value": "ai-agent-chat-prod-frontend-702079500523",
      "type": "string"
    }
  },
  "resources": [
    {
      "mode": "data",
      "type": "aws_availability_zones",
      "name": "available",
      "provider": "provider[\"registry.terraform.io/hashicorp/aws\"]",
      "instances": [
        {
          "schema_version": 0,
          "attributes": {
            "all_availability_zones": null,
            "exclude_names": null,
            "exclude_zone_ids": null,
            "filter": null,
            "group_names": [
              "us-east-1-zg-1"
            ],
            "id": "us-east-1",
            "names": [
              "us-east-1a",
              "us-east-1b",
              "us-east-1c",
              "us-east-1d",
              "us-east-1e",
              "us-east-1f"
            ],
            "state": "available",
            "timeouts": null,
            "zone_ids": [
              "use1-az1",
              "use1-az2",
              "use1-az4",
              "use1-az6",
              "use1-az3",
              "use1-az5"
            ]
          },
          "sensitive_attributes": [],
          "identity_schema_version": 0
        }
      ]
    },
    {
      "mode": "data",
      "type": "aws_caller_identity",
      "name": "current",
      "provider": "provider[\"registry.terraform.io/hashicorp/aws\"]",
      "instances": [
        {
          "schema_version": 0,
          "attributes": {
            "account_id": "702079500523",
            "arn": "arn:aws:iam::702079500523:user/ias",
            "id": "702079500523",
            "user_id": "AIDA2G5ZTADV6BTYWCMRW"
          },
          "sensitive_attributes": [],
          "identity_schema_version": 0
        }
      ]
    },
    {
      "mode": "managed",
      "type": "aws_acm_certificate",
      "name": "cloudfront",
      "provider": "provider[\"registry.terraform.io/hashicorp/aws\"]",
      "instances": [
        {
          "status": "tainted",
          "schema_version": 0,
          "attributes": {
            "arn": null,
            "certificate_authority_arn": null,
            "certificate_body": null,
            "certificate_chain": null,
            "domain_name": "ai-agent-chat.hagolchin.ir",
            "domain_validation_options": [
              {
                "domain_name": "ai-agent-chat.hagolchin.ir",
                "resource_record_name": "",
                "resource_record_type": "",
                "resource_record_value": ""
              }
            ],
            "early_renewal_duration": null,
            "id": "arn:aws:acm:us-east-1:702079500523:certificate/c292af66-ceef-4d55-af1d-9e90f424109a",
            "key_algorithm": null,
            "not_after": null,
            "not_before": null,
            "options": null,
            "pending_renewal": null,
            "private_key": null,
            "renewal_eligibility": null,
            "renewal_summary": null,
            "status": null,
            "subject_alternative_names": [
              "ai-agent-chat.hagolchin.ir"
            ],
            "tags": {
              "Environment": "prod",
              "ManagedBy": "terraform",
              "Project": "ai-agent-chat"
            },
            "tags_all": {
              "Environment": "prod",
              "ManagedBy": "terraform",
              "Project": "ai-agent-chat"
            },
            "type": null,
            "validation_emails": null,
            "validation_method": "DNS",
            "validation_option": []
          },
          "sensitive_attributes": [
            [
              {
                "type": "get_attr",
                "value": "private_key"
              }
            ]
          ],
          "identity_schema_version": 0,
          "private": "bnVsbA==",
          "create_before_destroy": true
        }
      ]
    },
    {
      "mode": "managed",
      "type": "aws_cloudfront_cache_policy",
      "name": "api_no_cache",
      "provider": "provider[\"registry.terraform.io/hashicorp/aws\"]",
      "instances": [
        {
          "schema_version": 0,
          "attributes": {
            "arn": "arn:aws:cloudfront::702079500523:cache-policy/923cb71b-dab7-42f6-8471-daef28435518",
            "comment": "",
            "default_ttl": 0,
            "etag": "E23ZP02F085DFQ",
            "id": "923cb71b-dab7-42f6-8471-daef28435518",
            "max_ttl": 0,
            "min_ttl": 0,
            "name": "ai-agent-chat-prod-api-no-cache",
            "parameters_in_cache_key_and_forwarded_to_origin": [
              {
                "cookies_config": [
                  {
                    "cookie_behavior": "none",
                    "cookies": []
                  }
                ],
                "enable_accept_encoding_brotli": false,
                "enable_accept_encoding_gzip": false,
                "headers_config": [
                  {
                    "header_behavior": "none",
                    "headers": []
                  }
                ],
                "query_strings_config": [
                  {
                    "query_string_behavior": "none",
                    "query_strings": []
                  }
                ]
              }
            ]
          },
          "sensitive_attributes": [],
          "identity_schema_version": 0,
          "private": "bnVsbA=="
        }
      ]
    },
    {
      "mode": "managed",
      "type": "aws_cloudfront_distribution",
      "name": "main",
      "provider": "provider[\"registry.terraform.io/hashicorp/aws\"]",
      "instances": [
        {
          "schema_version": 1,
          "attributes": {
            "aliases": [],
            "arn": "arn:aws:cloudfront::702079500523:distribution/E657BQ72TKJ8R",
            "caller_reference": "terraform-20260530123800362800000001",
            "comment": "ai-agent-chat-prod",
            "continuous_deployment_policy_id": "",
            "custom_error_response": [
              {
                "error_caching_min_ttl": 0,
                "error_code": 403,
                "response_code": 200,
                "response_page_path": "/index.html"
              },
              {
                "error_caching_min_ttl": 0,
                "error_code": 404,
                "response_code": 200,
                "response_page_path": "/index.html"
              }
            ],
            "default_cache_behavior": [
              {
                "allowed_methods": [
                  "GET",
                  "HEAD"
                ],
                "cache_policy_id": "",
                "cached_methods": [
                  "GET",
                  "HEAD"
                ],
                "compress": true,
                "default_ttl": 3600,
                "field_level_encryption_id": "",
                "forwarded_values": [
                  {
                    "cookies": [
                      {
                        "forward": "none",
                        "whitelisted_names": []
                      }
                    ],
                    "headers": [],
                    "query_string": false,
                    "query_string_cache_keys": []
                  }
                ],
                "function_association": [],
                "grpc_config": [
                  {
                    "enabled": false
                  }
                ],
                "lambda_function_association": [],
                "max_ttl": 86400,
                "min_ttl": 0,
                "origin_request_policy_id": "",
                "realtime_log_config_arn": "",
                "response_headers_policy_id": "",
                "smooth_streaming": false,
                "target_origin_id": "s3-frontend",
                "trusted_key_groups": [],
                "trusted_signers": [],
                "viewer_protocol_policy": "redirect-to-https"
              }
            ],
            "default_root_object": "index.html",
            "domain_name": "dmsubqnpr7kho.cloudfront.net",
            "enabled": true,
            "etag": "E23ZP02F085DFQ",
            "hosted_zone_id": "Z2FDTNDATAQYW2",
            "http_version": "http2",
            "id": "E657BQ72TKJ8R",
            "in_progress_validation_batches": 0,
            "is_ipv6_enabled": false,
            "last_modified_time": "2026-05-30 12:38:01.447 +0000 UTC",
            "logging_config": [],
            "ordered_cache_behavior": [
              {
                "allowed_methods": [
                  "DELETE",
                  "GET",
                  "HEAD",
                  "OPTIONS",
                  "PATCH",
                  "POST",
                  "PUT"
                ],
                "cache_policy_id": "923cb71b-dab7-42f6-8471-daef28435518",
                "cached_methods": [
                  "GET",
                  "HEAD"
                ],
                "compress": false,
                "default_ttl": 0,
                "field_level_encryption_id": "",
                "forwarded_values": [],
                "function_association": [],
                "grpc_config": [
                  {
                    "enabled": false
                  }
                ],
                "lambda_function_association": [],
                "max_ttl": 0,
                "min_ttl": 0,
                "origin_request_policy_id": "86f5a0e6-83b8-4f52-b8c4-0d4b10e48e35",
                "path_pattern": "/api/*",
                "realtime_log_config_arn": "",
                "response_headers_policy_id": "",
                "smooth_streaming": false,
                "target_origin_id": "alb-backend",
                "trusted_key_groups": [],
                "trusted_signers": [],
                "viewer_protocol_policy": "redirect-to-https"
              }
            ],
            "origin": [
              {
                "connection_attempts": 3,
                "connection_timeout": 10,
                "custom_header": [],
                "custom_origin_config": [
                  {
                    "http_port": 80,
                    "https_port": 443,
                    "origin_keepalive_timeout": 60,
                    "origin_protocol_policy": "http-only",
                    "origin_read_timeout": 60,
                    "origin_ssl_protocols": [
                      "TLSv1.2"
                    ]
                  }
                ],
                "domain_name": "ai-agent-chat-prod-alb-497857198.us-east-1.elb.amazonaws.com",
                "origin_access_control_id": "",
                "origin_id": "alb-backend",
                "origin_path": "",
                "origin_shield": [],
                "s3_origin_config": [],
                "vpc_origin_config": []
              },
              {
                "connection_attempts": 3,
                "connection_timeout": 10,
                "custom_header": [],
                "custom_origin_config": [],
                "domain_name": "ai-agent-chat-prod-frontend-702079500523.s3.us-east-1.amazonaws.com",
                "origin_access_control_id": "E1ORQYCNQK9ZVY",
                "origin_id": "s3-frontend",
                "origin_path": "",
                "origin_shield": [],
                "s3_origin_config": [],
                "vpc_origin_config": []
              }
            ],
            "origin_group": [],
            "price_class": "PriceClass_All",
            "restrictions": [
              {
                "geo_restriction": [
                  {
                    "locations": [],
                    "restriction_type": "none"
                  }
                ]
              }
            ],
            "retain_on_delete": false,
            "staging": false,
            "status": "Deployed",
            "tags": {
              "Environment": "prod",
              "ManagedBy": "terraform",
              "Project": "ai-agent-chat"
            },
            "tags_all": {
              "Environment": "prod",
              "ManagedBy": "terraform",
              "Project": "ai-agent-chat"
            },
            "trusted_key_groups": [
              {
                "enabled": false,
                "items": []
              }
            ],
            "trusted_signers": [
              {
                "enabled": false,
                "items": []
              }
            ],
            "viewer_certificate": [
              {
                "acm_certificate_arn": "",
                "cloudfront_default_certificate": true,
                "iam_certificate_id": "",
                "minimum_protocol_version": "TLSv1",
                "ssl_support_method": ""
              }
            ],
            "wait_for_deployment": true,
            "web_acl_id": ""
          },
          "sensitive_attributes": [],
          "identity_schema_version": 0,
          "private": "eyJzY2hlbWFfdmVyc2lvbiI6IjEifQ==",
          "dependencies": [
            "aws_acm_certificate.cloudfront",
            "aws_acm_certificate_validation.cloudfront",
            "aws_cloudfront_cache_policy.api_no_cache",
            "aws_cloudfront_origin_access_control.frontend",
            "aws_cloudfront_origin_request_policy.api_all",
            "aws_lb.main",
            "aws_s3_bucket.frontend",
            "aws_security_group.alb",
            "aws_subnet.public",
            "aws_vpc.main",
            "data.aws_availability_zones.available",
            "data.aws_caller_identity.current"
          ]
        }
      ]
    },
    {
      "mode": "managed",
      "type": "aws_cloudfront_origin_access_control",
      "name": "frontend",
      "provider": "provider[\"registry.terraform.io/hashicorp/aws\"]",
      "instances": [
        {
          "schema_version": 0,
          "attributes": {
            "arn": "arn:aws:cloudfront::702079500523:origin-access-control/E1ORQYCNQK9ZVY",
            "description": "Managed by Terraform",
            "etag": "ETVPDKIKX0DER",
            "id": "E1ORQYCNQK9ZVY",
            "name": "ai-agent-chat-prod-oac",
            "origin_access_control_origin_type": "s3",
            "signing_behavior": "always",
            "signing_protocol": "sigv4"
          },
          "sensitive_attributes": [],
          "identity_schema_version": 0,
          "private": "bnVsbA=="
        }
      ]
    },
    {
      "mode": "managed",
      "type": "aws_cloudfront_origin_request_policy",
      "name": "api_all",
      "provider": "provider[\"registry.terraform.io/hashicorp/aws\"]",
      "instances": [
        {
          "schema_version": 0,
          "attributes": {
            "arn": "arn:aws:cloudfront::702079500523:origin-request-policy/86f5a0e6-83b8-4f52-b8c4-0d4b10e48e35",
            "comment": "",
            "cookies_config": [
              {
                "cookie_behavior": "all",
                "cookies": []
              }
            ],
            "etag": "E23ZP02F085DFQ",
            "headers_config": [
              {
                "header_behavior": "allViewer",
                "headers": []
              }
            ],
            "id": "86f5a0e6-83b8-4f52-b8c4-0d4b10e48e35",
            "name": "ai-agent-chat-prod-api-forward-all",
            "query_strings_config": [
              {
                "query_string_behavior": "all",
                "query_strings": []
              }
            ]
          },
          "sensitive_attributes": [],
          "identity_schema_version": 0,
          "private": "bnVsbA=="
        }
      ]
    },
    {
      "mode": "managed",
      "type": "aws_cloudwatch_log_group",
      "name": "backend",
      "provider": "provider[\"registry.terraform.io/hashicorp/aws\"]",
      "instances": [
        {
          "schema_version": 0,
          "attributes": {
            "arn": "arn:aws:logs:us-east-1:702079500523:log-group:/ecs/ai-agent-chat-prod-backend",
            "id": "/ecs/ai-agent-chat-prod-backend",
            "kms_key_id": "",
            "log_group_class": "STANDARD",
            "name": "/ecs/ai-agent-chat-prod-backend",
            "name_prefix": "",
            "retention_in_days": 30,
            "skip_destroy": false,
            "tags": {
              "Environment": "prod",
              "ManagedBy": "terraform",
              "Project": "ai-agent-chat"
            },
            "tags_all": {
              "Environment": "prod",
              "ManagedBy": "terraform",
              "Project": "ai-agent-chat"
            }
          },
          "sensitive_attributes": [],
          "identity_schema_version": 0,
          "private": "bnVsbA=="
        }
      ]
    },
    {
      "mode": "managed",
      "type": "aws_db_instance",
      "name": "main",
      "provider": "provider[\"registry.terraform.io/hashicorp/aws\"]",
      "instances": [
        {
          "schema_version": 2,
          "attributes": {
            "address": "ai-agent-chat-prod-postgres.c494s8ewwaiq.us-east-1.rds.amazonaws.com",
            "allocated_storage": 20,
            "allow_major_version_upgrade": null,
            "apply_immediately": false,
            "arn": "arn:aws:rds:us-east-1:702079500523:db:ai-agent-chat-prod-postgres",
            "auto_minor_version_upgrade": true,
            "availability_zone": "us-east-1a",
            "backup_retention_period": 0,
            "backup_target": "region",
            "backup_window": "10:20-10:50",
            "blue_green_update": [],
            "ca_cert_identifier": "rds-ca-rsa2048-g1",
            "character_set_name": "",
            "copy_tags_to_snapshot": false,
            "custom_iam_instance_profile": "",
            "customer_owned_ip_enabled": false,
            "database_insights_mode": "standard",
            "db_name": "chatbot",
            "db_subnet_group_name": "ai-agent-chat-prod-db-subnet-group",
            "dedicated_log_volume": false,
            "delete_automated_backups": true,
            "deletion_protection": true,
            "domain": "",
            "domain_auth_secret_arn": "",
            "domain_dns_ips": [],
            "domain_fqdn": "",
            "domain_iam_role_name": "",
            "domain_ou": "",
            "enabled_cloudwatch_logs_exports": [],
            "endpoint": "ai-agent-chat-prod-postgres.c494s8ewwaiq.us-east-1.rds.amazonaws.com:5432",
            "engine": "postgres",
            "engine_lifecycle_support": "open-source-rds-extended-support",
            "engine_version": "15",
            "engine_version_actual": "15.17",
            "final_snapshot_identifier": "ai-agent-chat-prod-final-snapshot",
            "hosted_zone_id": "Z2R2ITUGPM61AM",
            "iam_database_authentication_enabled": false,
            "id": "db-DBBJDW2HR4RDCNRODAACE537NY",
            "identifier": "ai-agent-chat-prod-postgres",
            "identifier_prefix": "",
            "instance_class": "db.t3.micro",
            "iops": 0,
            "kms_key_id": "",
            "latest_restorable_time": "",
            "license_model": "postgresql-license",
            "listener_endpoint": [],
            "maintenance_window": "mon:03:12-mon:03:42",
            "manage_master_user_password": null,
            "master_user_secret": [],
            "master_user_secret_kms_key_id": null,
            "max_allocated_storage": 0,
            "monitoring_interval": 0,
            "monitoring_role_arn": "",
            "multi_az": false,
            "nchar_character_set_name": "",
            "network_type": "IPV4",
            "option_group_name": "default:postgres-15",
            "parameter_group_name": "default.postgres15",
            "password": "%wLg\u003e\u003cZsV*TQljK1T9(d\u003c*cn",
            "password_wo": null,
            "password_wo_version": null,
            "performance_insights_enabled": false,
            "performance_insights_kms_key_id": "",
            "performance_insights_retention_period": 0,
            "port": 5432,
            "publicly_accessible": false,
            "replica_mode": "",
            "replicas": [],
            "replicate_source_db": "",
            "resource_id": "db-DBBJDW2HR4RDCNRODAACE537NY",
            "restore_to_point_in_time": [],
            "s3_import": [],
            "skip_final_snapshot": false,
            "snapshot_identifier": null,
            "status": "available",
            "storage_encrypted": false,
            "storage_throughput": 0,
            "storage_type": "gp2",
            "tags": {
              "Environment": "prod",
              "ManagedBy": "terraform",
              "Project": "ai-agent-chat"
            },
            "tags_all": {
              "Environment": "prod",
              "ManagedBy": "terraform",
              "Project": "ai-agent-chat"
            },
            "timeouts": null,
            "timezone": "",
            "upgrade_storage_config": null,
            "username": "chatbot",
            "vpc_security_group_ids": [
              "sg-0dc40f9297ec07f55"
            ]
          },
          "sensitive_attributes": [
            [
              {
                "type": "get_attr",
                "value": "password"
              }
            ],
            [
              {
                "type": "get_attr",
                "value": "password_wo"
              }
            ]
          ],
          "identity_schema_version": 0,
          "private": "eyJlMmJmYjczMC1lY2FhLTExZTYtOGY4OC0zNDM2M2JjN2M0YzAiOnsiY3JlYXRlIjozMDAwMDAwMDAwMDAwLCJkZWxldGUiOjM2MDAwMDAwMDAwMDAsInVwZGF0ZSI6NDgwMDAwMDAwMDAwMH0sInNjaGVtYV92ZXJzaW9uIjoiMiJ9",
          "dependencies": [
            "aws_db_subnet_group.main",
            "aws_security_group.alb",
            "aws_security_group.ecs",
            "aws_security_group.rds",
            "aws_subnet.private",
            "aws_vpc.main",
            "data.aws_availability_zones.available",
            "random_password.db"
          ]
        }
      ]
    },
    {
      "mode": "managed",
      "type": "aws_db_subnet_group",
      "name": "main",
      "provider": "provider[\"registry.terraform.io/hashicorp/aws\"]",
      "instances": [
        {
          "schema_version": 0,
          "attributes": {
            "arn": "arn:aws:rds:us-east-1:702079500523:subgrp:ai-agent-chat-prod-db-subnet-group",
            "description": "Managed by Terraform",
            "id": "ai-agent-chat-prod-db-subnet-group",
            "name": "ai-agent-chat-prod-db-subnet-group",
            "name_prefix": "",
            "subnet_ids": [
              "subnet-03016fbb170f51638",
              "subnet-08d29e0aa4f50b2d6"
            ],
            "supported_network_types": [
              "IPV4"
            ],
            "tags": {
              "Environment": "prod",
              "ManagedBy": "terraform",
              "Name": "ai-agent-chat-prod-db-subnet-group",
              "Project": "ai-agent-chat"
            },
            "tags_all": {
              "Environment": "prod",
              "ManagedBy": "terraform",
              "Name": "ai-agent-chat-prod-db-subnet-group",
              "Project": "ai-agent-chat"
            },
            "vpc_id": "vpc-0b9eb180c506edb68"
          },
          "sensitive_attributes": [],
          "identity_schema_version": 0,
          "private": "bnVsbA==",
          "dependencies": [
            "aws_subnet.private",
            "aws_vpc.main",
            "data.aws_availability_zones.available"
          ]
        }
      ]
    },
    {
      "mode": "managed",
      "type": "aws_ecr_lifecycle_policy",
      "name": "backend",
      "provider": "provider[\"registry.terraform.io/hashicorp/aws\"]",
      "instances": [
        {
          "schema_version": 0,
          "attributes": {
            "id": "ai-agent-chat-prod-backend",
            "policy": "{\"rules\":[{\"action\":{\"type\":\"expire\"},\"description\":\"Keep last 5 images\",\"rulePriority\":1,\"selection\":{\"countNumber\":5,\"countType\":\"imageCountMoreThan\",\"tagStatus\":\"any\"}}]}",
            "registry_id": "702079500523",
            "repository": "ai-agent-chat-prod-backend"
          },
          "sensitive_attributes": [],
          "identity_schema_version": 0,
          "private": "bnVsbA==",
          "dependencies": [
            "aws_ecr_repository.backend"
          ]
        }
      ]
    },
    {
      "mode": "managed",
      "type": "aws_ecr_repository",
      "name": "backend",
      "provider": "provider[\"registry.terraform.io/hashicorp/aws\"]",
      "instances": [
        {
          "schema_version": 0,
          "attributes": {
            "arn": "arn:aws:ecr:us-east-1:702079500523:repository/ai-agent-chat-prod-backend",
            "encryption_configuration": [
              {
                "encryption_type": "AES256",
                "kms_key": ""
              }
            ],
            "force_delete": null,
            "id": "ai-agent-chat-prod-backend",
            "image_scanning_configuration": [
              {
                "scan_on_push": true
              }
            ],
            "image_tag_mutability": "MUTABLE",
            "name": "ai-agent-chat-prod-backend",
            "registry_id": "702079500523",
            "repository_url": "702079500523.dkr.ecr.us-east-1.amazonaws.com/ai-agent-chat-prod-backend",
            "tags": {
              "Environment": "prod",
              "ManagedBy": "terraform",
              "Project": "ai-agent-chat"
            },
            "tags_all": {
              "Environment": "prod",
              "ManagedBy": "terraform",
              "Project": "ai-agent-chat"
            },
            "timeouts": null
          },
          "sensitive_attributes": [],
          "identity_schema_version": 0,
          "private": "eyJlMmJmYjczMC1lY2FhLTExZTYtOGY4OC0zNDM2M2JjN2M0YzAiOnsiZGVsZXRlIjoxMjAwMDAwMDAwMDAwfX0="
        }
      ]
    },
    {
      "mode": "managed",
      "type": "aws_ecs_cluster",
      "name": "main",
      "provider": "provider[\"registry.terraform.io/hashicorp/aws\"]",
      "instances": [
        {
          "schema_version": 0,
          "attributes": {
            "arn": "arn:aws:ecs:us-east-1:702079500523:cluster/ai-agent-chat-prod-cluster",
            "configuration": [],
            "id": "arn:aws:ecs:us-east-1:702079500523:cluster/ai-agent-chat-prod-cluster",
            "name": "ai-agent-chat-prod-cluster",
            "service_connect_defaults": [],
            "setting": [
              {
                "name": "containerInsights",
                "value": "enabled"
              }
            ],
            "tags": {
              "Environment": "prod",
              "ManagedBy": "terraform",
              "Project": "ai-agent-chat"
            },
            "tags_all": {
              "Environment": "prod",
              "ManagedBy": "terraform",
              "Project": "ai-agent-chat"
            }
          },
          "sensitive_attributes": [],
          "identity_schema_version": 0,
          "private": "bnVsbA=="
        }
      ]
    },
    {
      "mode": "managed",
      "type": "aws_ecs_service",
      "name": "backend",
      "provider": "provider[\"registry.terraform.io/hashicorp/aws\"]",
      "instances": [
        {
          "schema_version": 1,
          "attributes": {
            "alarms": [],
            "availability_zone_rebalancing": "DISABLED",
            "capacity_provider_strategy": [],
            "cluster": "arn:aws:ecs:us-east-1:702079500523:cluster/ai-agent-chat-prod-cluster",
            "deployment_circuit_breaker": [
              {
                "enable": false,
                "rollback": false
              }
            ],
            "deployment_controller": [
              {
                "type": "ECS"
              }
            ],
            "deployment_maximum_percent": 200,
            "deployment_minimum_healthy_percent": 100,
            "desired_count": 1,
            "enable_ecs_managed_tags": false,
            "enable_execute_command": false,
            "force_delete": null,
            "force_new_deployment": null,
            "health_check_grace_period_seconds": 0,
            "iam_role": "/aws-service-role/ecs.amazonaws.com/AWSServiceRoleForECS",
            "id": "arn:aws:ecs:us-east-1:702079500523:service/ai-agent-chat-prod-cluster/ai-agent-chat-prod-backend",
            "launch_type": "FARGATE",
            "load_balancer": [
              {
                "container_name": "backend",
                "container_port": 8000,
                "elb_name": "",
                "target_group_arn": "arn:aws:elasticloadbalancing:us-east-1:702079500523:targetgroup/ai-agent-chat-prod-backend-tg/512b1002a3dd6ee4"
              }
            ],
            "name": "ai-agent-chat-prod-backend",
            "network_configuration": [
              {
                "assign_public_ip": true,
                "security_groups": [
                  "sg-0a09b7d83ac82e32d"
                ],
                "subnets": [
                  "subnet-034758698c60654fc",
                  "subnet-0e9308c5fbe8657dd"
                ]
              }
            ],
            "ordered_placement_strategy": [],
            "placement_constraints": [],
            "platform_version": "LATEST",
            "propagate_tags": "NONE",
            "scheduling_strategy": "REPLICA",
            "service_connect_configuration": [],
            "service_registries": [],
            "tags": {
              "Environment": "prod",
              "ManagedBy": "terraform",
              "Project": "ai-agent-chat"
            },
            "tags_all": {
              "Environment": "prod",
              "ManagedBy": "terraform",
              "Project": "ai-agent-chat"
            },
            "task_definition": "arn:aws:ecs:us-east-1:702079500523:task-definition/ai-agent-chat-prod-backend:7",
            "timeouts": null,
            "triggers": {},
            "volume_configuration": [],
            "vpc_lattice_configurations": [],
            "wait_for_steady_state": false
          },
          "sensitive_attributes": [],
          "identity_schema_version": 0,
          "private": "eyJlMmJmYjczMC1lY2FhLTExZTYtOGY4OC0zNDM2M2JjN2M0YzAiOnsiY3JlYXRlIjoxMjAwMDAwMDAwMDAwLCJkZWxldGUiOjEyMDAwMDAwMDAwMDAsInVwZGF0ZSI6MTIwMDAwMDAwMDAwMH0sInNjaGVtYV92ZXJzaW9uIjoiMSJ9",
          "dependencies": [
            "aws_acm_certificate.cloudfront",
            "aws_acm_certificate_validation.cloudfront",
            "aws_cloudfront_cache_policy.api_no_cache",
            "aws_cloudfront_distribution.main",
            "aws_cloudfront_origin_access_control.frontend",
            "aws_cloudfront_origin_request_policy.api_all",
            "aws_cloudwatch_log_group.backend",
            "aws_ecr_repository.backend",
            "aws_ecs_cluster.main",
            "aws_ecs_task_definition.backend",
            "aws_iam_role.ecs_execution",
            "aws_iam_role.ecs_task",
            "aws_lb.main",
            "aws_lb_listener.http",
            "aws_lb_target_group.backend",
            "aws_s3_bucket.frontend",
            "aws_secretsmanager_secret.database_url",
            "aws_security_group.alb",
            "aws_security_group.ecs",
            "aws_subnet.public",
            "aws_vpc.main",
            "data.aws_availability_zones.available",
            "data.aws_caller_identity.current"
          ]
        }
      ]
    },
    {
      "mode": "managed",
      "type": "aws_ecs_task_definition",
      "name": "backend",
      "provider": "provider[\"registry.terraform.io/hashicorp/aws\"]",
      "instances": [
        {
          "schema_version": 1,
          "attributes": {
            "arn": "arn:aws:ecs:us-east-1:702079500523:task-definition/ai-agent-chat-prod-backend:7",
            "arn_without_revision": "arn:aws:ecs:us-east-1:702079500523:task-definition/ai-agent-chat-prod-backend",
            "container_definitions": "[{\"environment\":[{\"name\":\"ALLOWED_ORIGINS\",\"value\":\"https://dmsubqnpr7kho.cloudfront.net,https://ai-agent-chat.hagolchin.ir\"},{\"name\":\"AWS_REGION\",\"value\":\"us-east-1\"},{\"name\":\"BEDROCK_MODEL_ID\",\"value\":\"us.amazon.nova-micro-v1:0\"},{\"name\":\"LLM_PROVIDER\",\"value\":\"bedrock\"},{\"name\":\"LLM_TEMPERATURE\",\"value\":\"0.2\"},{\"name\":\"SESSION_TTL_HOURS\",\"value\":\"24\"}],\"essential\":true,\"healthCheck\":{\"command\":[\"CMD-SHELL\",\"curl -f http://localhost:8000/docs || exit 1\"],\"interval\":30,\"retries\":3,\"startPeriod\":60,\"timeout\":5},\"image\":\"702079500523.dkr.ecr.us-east-1.amazonaws.com/ai-agent-chat-prod-backend:latest\",\"logConfiguration\":{\"logDriver\":\"awslogs\",\"options\":{\"awslogs-group\":\"/ecs/ai-agent-chat-prod-backend\",\"awslogs-region\":\"us-east-1\",\"awslogs-stream-prefix\":\"ecs\"}},\"mountPoints\":[],\"name\":\"backend\",\"portMappings\":[{\"containerPort\":8000,\"hostPort\":8000,\"protocol\":\"tcp\"}],\"secrets\":[{\"name\":\"DATABASE_URL\",\"valueFrom\":\"arn:aws:secretsmanager:us-east-1:702079500523:secret:ai-agent-chat-prod/database-url-IU6hMa\"}],\"systemControls\":[],\"volumesFrom\":[]}]",
            "cpu": "512",
            "enable_fault_injection": false,
            "ephemeral_storage": [],
            "execution_role_arn": "arn:aws:iam::702079500523:role/ai-agent-chat-prod-ecs-execution",
            "family": "ai-agent-chat-prod-backend",
            "id": "ai-agent-chat-prod-backend",
            "inference_accelerator": [],
            "ipc_mode": "",
            "memory": "1024",
            "network_mode": "awsvpc",
            "pid_mode": "",
            "placement_constraints": [],
            "proxy_configuration": [],
            "requires_compatibilities": [
              "FARGATE"
            ],
            "revision": 7,
            "runtime_platform": [],
            "skip_destroy": false,
            "tags": {
              "Environment": "prod",
              "ManagedBy": "terraform",
              "Project": "ai-agent-chat"
            },
            "tags_all": {
              "Environment": "prod",
              "ManagedBy": "terraform",
              "Project": "ai-agent-chat"
            },
            "task_role_arn": "arn:aws:iam::702079500523:role/ai-agent-chat-prod-ecs-task",
            "track_latest": false,
            "volume": []
          },
          "sensitive_attributes": [],
          "identity_schema_version": 0,
          "private": "eyJzY2hlbWFfdmVyc2lvbiI6IjEifQ==",
          "dependencies": [
            "aws_acm_certificate.cloudfront",
            "aws_acm_certificate_validation.cloudfront",
            "aws_cloudfront_cache_policy.api_no_cache",
            "aws_cloudfront_distribution.main",
            "aws_cloudfront_origin_access_control.frontend",
            "aws_cloudfront_origin_request_policy.api_all",
            "aws_cloudwatch_log_group.backend",
            "aws_ecr_repository.backend",
            "aws_iam_role.ecs_execution",
            "aws_iam_role.ecs_task",
            "aws_lb.main",
            "aws_s3_bucket.frontend",
            "aws_secretsmanager_secret.database_url",
            "aws_security_group.alb",
            "aws_subnet.public",
            "aws_vpc.main",
            "data.aws_availability_zones.available",
            "data.aws_caller_identity.current"
          ]
        }
      ]
    },
    {
      "mode": "managed",
      "type": "aws_iam_role",
      "name": "ecs_execution",
      "provider": "provider[\"registry.terraform.io/hashicorp/aws\"]",
      "instances": [
        {
          "schema_version": 0,
          "attributes": {
            "arn": "arn:aws:iam::702079500523:role/ai-agent-chat-prod-ecs-execution",
            "assume_role_policy": "{\"Statement\":[{\"Action\":\"sts:AssumeRole\",\"Effect\":\"Allow\",\"Principal\":{\"Service\":\"ecs-tasks.amazonaws.com\"}}],\"Version\":\"2012-10-17\"}",
            "create_date": "2026-05-30T12:31:04Z",
            "description": "",
            "force_detach_policies": false,
            "id": "ai-agent-chat-prod-ecs-execution",
            "inline_policy": [
              {
                "name": "ai-agent-chat-prod-execution-secrets",
                "policy": "{\"Version\":\"2012-10-17\",\"Statement\":[{\"Action\":[\"secretsmanager:GetSecretValue\"],\"Effect\":\"Allow\",\"Resource\":[\"arn:aws:secretsmanager:us-east-1:702079500523:secret:ai-agent-chat-prod/database-url-IU6hMa\"]}]}"
              }
            ],
            "managed_policy_arns": [
              "arn:aws:iam::aws:policy/service-role/AmazonECSTaskExecutionRolePolicy"
            ],
            "max_session_duration": 3600,
            "name": "ai-agent-chat-prod-ecs-execution",
            "name_prefix": "",
            "path": "/",
            "permissions_boundary": "",
            "tags": {
              "Environment": "prod",
              "ManagedBy": "terraform",
              "Project": "ai-agent-chat"
            },
            "tags_all": {
              "Environment": "prod",
              "ManagedBy": "terraform",
              "Project": "ai-agent-chat"
            },
            "unique_id": "AROA2G5ZTADVSYN3MTVPR"
          },
          "sensitive_attributes": [],
          "identity_schema_version": 0,
          "private": "bnVsbA=="
        }
      ]
    },
    {
      "mode": "managed",
      "type": "aws_iam_role",
      "name": "ecs_task",
      "provider": "provider[\"registry.terraform.io/hashicorp/aws\"]",
      "instances": [
        {
          "schema_version": 0,
          "attributes": {
            "arn": "arn:aws:iam::702079500523:role/ai-agent-chat-prod-ecs-task",
            "assume_role_policy": "{\"Statement\":[{\"Action\":\"sts:AssumeRole\",\"Effect\":\"Allow\",\"Principal\":{\"Service\":\"ecs-tasks.amazonaws.com\"}}],\"Version\":\"2012-10-17\"}",
            "create_date": "2026-05-30T12:31:04Z",
            "description": "",
            "force_detach_policies": false,
            "id": "ai-agent-chat-prod-ecs-task",
            "inline_policy": [
              {
                "name": "ai-agent-chat-prod-task-bedrock",
                "policy": "{\"Version\":\"2012-10-17\",\"Statement\":[{\"Action\":[\"bedrock:InvokeModel\",\"bedrock:InvokeModelWithResponseStream\"],\"Effect\":\"Allow\",\"Resource\":[\"arn:aws:bedrock:*::foundation-model/*\",\"arn:aws:bedrock:*:*:inference-profile/*\",\"arn:aws:bedrock:*::inference-profile/*\"]}]}"
              }
            ],
            "managed_policy_arns": [],
            "max_session_duration": 3600,
            "name": "ai-agent-chat-prod-ecs-task",
            "name_prefix": "",
            "path": "/",
            "permissions_boundary": "",
            "tags": {
              "Environment": "prod",
              "ManagedBy": "terraform",
              "Project": "ai-agent-chat"
            },
            "tags_all": {
              "Environment": "prod",
              "ManagedBy": "terraform",
              "Project": "ai-agent-chat"
            },
            "unique_id": "AROA2G5ZTADVQ2LLUCFD4"
          },
          "sensitive_attributes": [],
          "identity_schema_version": 0,
          "private": "bnVsbA=="
        }
      ]
    },
    {
      "mode": "managed",
      "type": "aws_iam_role_policy",
      "name": "ecs_execution_secrets",
      "provider": "provider[\"registry.terraform.io/hashicorp/aws\"]",
      "instances": [
        {
          "schema_version": 0,
          "attributes": {
            "id": "ai-agent-chat-prod-ecs-execution:ai-agent-chat-prod-execution-secrets",
            "name": "ai-agent-chat-prod-execution-secrets",
            "name_prefix": "",
            "policy": "{\"Version\":\"2012-10-17\",\"Statement\":[{\"Action\":[\"secretsmanager:GetSecretValue\"],\"Effect\":\"Allow\",\"Resource\":[\"arn:aws:secretsmanager:us-east-1:702079500523:secret:ai-agent-chat-prod/database-url-IU6hMa\"]}]}",
            "role": "ai-agent-chat-prod-ecs-execution"
          },
          "sensitive_attributes": [],
          "identity_schema_version": 0,
          "private": "bnVsbA==",
          "dependencies": [
            "aws_iam_role.ecs_execution",
            "aws_secretsmanager_secret.database_url"
          ]
        }
      ]
    },
    {
      "mode": "managed",
      "type": "aws_iam_role_policy",
      "name": "ecs_task_bedrock",
      "provider": "provider[\"registry.terraform.io/hashicorp/aws\"]",
      "instances": [
        {
          "schema_version": 0,
          "attributes": {
            "id": "ai-agent-chat-prod-ecs-task:ai-agent-chat-prod-task-bedrock",
            "name": "ai-agent-chat-prod-task-bedrock",
            "name_prefix": "",
            "policy": "{\"Version\":\"2012-10-17\",\"Statement\":[{\"Action\":[\"bedrock:InvokeModel\",\"bedrock:InvokeModelWithResponseStream\"],\"Effect\":\"Allow\",\"Resource\":[\"arn:aws:bedrock:*::foundation-model/*\",\"arn:aws:bedrock:*:*:inference-profile/*\",\"arn:aws:bedrock:*::inference-profile/*\"]}]}",
            "role": "ai-agent-chat-prod-ecs-task"
          },
          "sensitive_attributes": [],
          "identity_schema_version": 0,
          "private": "bnVsbA==",
          "dependencies": [
            "aws_iam_role.ecs_task"
          ]
        }
      ]
    },
    {
      "mode": "managed",
      "type": "aws_iam_role_policy_attachment",
      "name": "ecs_execution_base",
      "provider": "provider[\"registry.terraform.io/hashicorp/aws\"]",
      "instances": [
        {
          "schema_version": 0,
          "attributes": {
            "id": "ai-agent-chat-prod-ecs-execution-20260530123104323000000002",
            "policy_arn": "arn:aws:iam::aws:policy/service-role/AmazonECSTaskExecutionRolePolicy",
            "role": "ai-agent-chat-prod-ecs-execution"
          },
          "sensitive_attributes": [],
          "identity_schema_version": 0,
          "private": "bnVsbA==",
          "dependencies": [
            "aws_iam_role.ecs_execution"
          ]
        }
      ]
    },
    {
      "mode": "managed",
      "type": "aws_internet_gateway",
      "name": "main",
      "provider": "provider[\"registry.terraform.io/hashicorp/aws\"]",
      "instances": [
        {
          "schema_version": 0,
          "attributes": {
            "arn": "arn:aws:ec2:us-east-1:702079500523:internet-gateway/igw-0b5ebfb21c49bfe82",
            "id": "igw-0b5ebfb21c49bfe82",
            "owner_id": "702079500523",
            "tags": {
              "Environment": "prod",
              "ManagedBy": "terraform",
              "Name": "ai-agent-chat-prod-igw",
              "Project": "ai-agent-chat"
            },
            "tags_all": {
              "Environment": "prod",
              "ManagedBy": "terraform",
              "Name": "ai-agent-chat-prod-igw",
              "Project": "ai-agent-chat"
            },
            "timeouts": null,
            "vpc_id": "vpc-0b9eb180c506edb68"
          },
          "sensitive_attributes": [],
          "identity_schema_version": 0,
          "private": "eyJlMmJmYjczMC1lY2FhLTExZTYtOGY4OC0zNDM2M2JjN2M0YzAiOnsiY3JlYXRlIjoxMjAwMDAwMDAwMDAwLCJkZWxldGUiOjEyMDAwMDAwMDAwMDAsInVwZGF0ZSI6MTIwMDAwMDAwMDAwMH19",
          "dependencies": [
            "aws_vpc.main"
          ]
        }
      ]
    },
    {
      "mode": "managed",
      "type": "aws_lb",
      "name": "main",
      "provider": "provider[\"registry.terraform.io/hashicorp/aws\"]",
      "instances": [
        {
          "schema_version": 0,
          "attributes": {
            "access_logs": [
              {
                "bucket": "",
                "enabled": false,
                "prefix": ""
              }
            ],
            "arn": "arn:aws:elasticloadbalancing:us-east-1:702079500523:loadbalancer/app/ai-agent-chat-prod-alb/4503c238d5bde61a",
            "arn_suffix": "app/ai-agent-chat-prod-alb/4503c238d5bde61a",
            "client_keep_alive": 3600,
            "connection_logs": [
              {
                "bucket": "",
                "enabled": false,
                "prefix": ""
              }
            ],
            "customer_owned_ipv4_pool": "",
            "desync_mitigation_mode": "defensive",
            "dns_name": "ai-agent-chat-prod-alb-497857198.us-east-1.elb.amazonaws.com",
            "dns_record_client_routing_policy": null,
            "drop_invalid_header_fields": false,
            "enable_cross_zone_load_balancing": true,
            "enable_deletion_protection": false,
            "enable_http2": true,
            "enable_tls_version_and_cipher_suite_headers": false,
            "enable_waf_fail_open": false,
            "enable_xff_client_port": false,
            "enable_zonal_shift": false,
            "enforce_security_group_inbound_rules_on_private_link_traffic": "",
            "id": "arn:aws:elasticloadbalancing:us-east-1:702079500523:loadbalancer/app/ai-agent-chat-prod-alb/4503c238d5bde61a",
            "idle_timeout": 60,
            "internal": false,
            "ip_address_type": "ipv4",
            "ipam_pools": [],
            "load_balancer_type": "application",
            "minimum_load_balancer_capacity": [],
            "name": "ai-agent-chat-prod-alb",
            "name_prefix": "",
            "preserve_host_header": false,
            "security_groups": [
              "sg-09b14d606a97177d9"
            ],
            "subnet_mapping": [
              {
                "allocation_id": "",
                "ipv6_address": "",
                "outpost_id": "",
                "private_ipv4_address": "",
                "subnet_id": "subnet-034758698c60654fc"
              },
              {
                "allocation_id": "",
                "ipv6_address": "",
                "outpost_id": "",
                "private_ipv4_address": "",
                "subnet_id": "subnet-0e9308c5fbe8657dd"
              }
            ],
            "subnets": [
              "subnet-034758698c60654fc",
              "subnet-0e9308c5fbe8657dd"
            ],
            "tags": {
              "Environment": "prod",
              "ManagedBy": "terraform",
              "Project": "ai-agent-chat"
            },
            "tags_all": {
              "Environment": "prod",
              "ManagedBy": "terraform",
              "Project": "ai-agent-chat"
            },
            "timeouts": null,
            "vpc_id": "vpc-0b9eb180c506edb68",
            "xff_header_processing_mode": "append",
            "zone_id": "Z35SXDOTRQ7X7K"
          },
          "sensitive_attributes": [],
          "identity_schema_version": 0,
          "private": "eyJlMmJmYjczMC1lY2FhLTExZTYtOGY4OC0zNDM2M2JjN2M0YzAiOnsiY3JlYXRlIjo2MDAwMDAwMDAwMDAsImRlbGV0ZSI6NjAwMDAwMDAwMDAwLCJ1cGRhdGUiOjYwMDAwMDAwMDAwMH19",
          "dependencies": [
            "aws_security_group.alb",
            "aws_subnet.public",
            "aws_vpc.main",
            "data.aws_availability_zones.available"
          ]
        }
      ]
    },
    {
      "mode": "managed",
      "type": "aws_lb_listener",
      "name": "http",
      "provider": "provider[\"registry.terraform.io/hashicorp/aws\"]",
      "instances": [
        {
          "schema_version": 0,
          "attributes": {
            "alpn_policy": null,
            "arn": "arn:aws:elasticloadbalancing:us-east-1:702079500523:listener/app/ai-agent-chat-prod-alb/4503c238d5bde61a/91e63c82b924f5cb",
            "certificate_arn": null,
            "default_action": [
              {
                "authenticate_cognito": [],
                "authenticate_oidc": [],
                "fixed_response": [],
                "forward": [],
                "order": 1,
                "redirect": [],
                "target_group_arn": "arn:aws:elasticloadbalancing:us-east-1:702079500523:targetgroup/ai-agent-chat-prod-backend-tg/512b1002a3dd6ee4",
                "type": "forward"
              }
            ],
            "id": "arn:aws:elasticloadbalancing:us-east-1:702079500523:listener/app/ai-agent-chat-prod-alb/4503c238d5bde61a/91e63c82b924f5cb",
            "load_balancer_arn": "arn:aws:elasticloadbalancing:us-east-1:702079500523:loadbalancer/app/ai-agent-chat-prod-alb/4503c238d5bde61a",
            "mutual_authentication": [],
            "port": 80,
            "protocol": "HTTP",
            "routing_http_request_x_amzn_mtls_clientcert_header_name": null,
            "routing_http_request_x_amzn_mtls_clientcert_issuer_header_name": null,
            "routing_http_request_x_amzn_mtls_clientcert_leaf_header_name": null,
            "routing_http_request_x_amzn_mtls_clientcert_serial_number_header_name": null,
            "routing_http_request_x_amzn_mtls_clientcert_subject_header_name": null,
            "routing_http_request_x_amzn_mtls_clientcert_validity_header_name": null,
            "routing_http_request_x_amzn_tls_cipher_suite_header_name": null,
            "routing_http_request_x_amzn_tls_version_header_name": null,
            "routing_http_response_access_control_allow_credentials_header_value": "",
            "routing_http_response_access_control_allow_headers_header_value": "",
            "routing_http_response_access_control_allow_methods_header_value": "",
            "routing_http_response_access_control_allow_origin_header_value": "",
            "routing_http_response_access_control_expose_headers_header_value": "",
            "routing_http_response_access_control_max_age_header_value": "",
            "routing_http_response_content_security_policy_header_value": "",
            "routing_http_response_server_enabled": true,
            "routing_http_response_strict_transport_security_header_value": "",
            "routing_http_response_x_content_type_options_header_value": "",
            "routing_http_response_x_frame_options_header_value": "",
            "ssl_policy": "",
            "tags": {},
            "tags_all": {},
            "tcp_idle_timeout_seconds": null,
            "timeouts": null
          },
          "sensitive_attributes": [],
          "identity_schema_version": 0,
          "private": "eyJlMmJmYjczMC1lY2FhLTExZTYtOGY4OC0zNDM2M2JjN2M0YzAiOnsiY3JlYXRlIjozMDAwMDAwMDAwMDAsInVwZGF0ZSI6MzAwMDAwMDAwMDAwfX0=",
          "dependencies": [
            "aws_lb.main",
            "aws_lb_target_group.backend",
            "aws_security_group.alb",
            "aws_subnet.public",
            "aws_vpc.main",
            "data.aws_availability_zones.available"
          ]
        }
      ]
    },
    {
      "mode": "managed",
      "type": "aws_lb_target_group",
      "name": "backend",
      "provider": "provider[\"registry.terraform.io/hashicorp/aws\"]",
      "instances": [
        {
          "schema_version": 0,
          "attributes": {
            "arn": "arn:aws:elasticloadbalancing:us-east-1:702079500523:targetgroup/ai-agent-chat-prod-backend-tg/512b1002a3dd6ee4",
            "arn_suffix": "targetgroup/ai-agent-chat-prod-backend-tg/512b1002a3dd6ee4",
            "connection_termination": null,
            "deregistration_delay": "30",
            "health_check": [
              {
                "enabled": true,
                "healthy_threshold": 2,
                "interval": 30,
                "matcher": "200",
                "path": "/docs",
                "port": "traffic-port",
                "protocol": "HTTP",
                "timeout": 5,
                "unhealthy_threshold": 3
              }
            ],
            "id": "arn:aws:elasticloadbalancing:us-east-1:702079500523:targetgroup/ai-agent-chat-prod-backend-tg/512b1002a3dd6ee4",
            "ip_address_type": "ipv4",
            "lambda_multi_value_headers_enabled": false,
            "load_balancer_arns": [
              "arn:aws:elasticloadbalancing:us-east-1:702079500523:loadbalancer/app/ai-agent-chat-prod-alb/4503c238d5bde61a"
            ],
            "load_balancing_algorithm_type": "round_robin",
            "load_balancing_anomaly_mitigation": "off",
            "load_balancing_cross_zone_enabled": "use_load_balancer_configuration",
            "name": "ai-agent-chat-prod-backend-tg",
            "name_prefix": "",
            "port": 8000,
            "preserve_client_ip": null,
            "protocol": "HTTP",
            "protocol_version": "HTTP1",
            "proxy_protocol_v2": false,
            "slow_start": 0,
            "stickiness": [
              {
                "cookie_duration": 86400,
                "cookie_name": "",
                "enabled": false,
                "type": "lb_cookie"
              }
            ],
            "tags": {
              "Environment": "prod",
              "ManagedBy": "terraform",
              "Project": "ai-agent-chat"
            },
            "tags_all": {
              "Environment": "prod",
              "ManagedBy": "terraform",
              "Project": "ai-agent-chat"
            },
            "target_failover": [
              {
                "on_deregistration": null,
                "on_unhealthy": null
              }
            ],
            "target_group_health": [
              {
                "dns_failover": [
                  {
                    "minimum_healthy_targets_count": "1",
                    "minimum_healthy_targets_percentage": "off"
                  }
                ],
                "unhealthy_state_routing": [
                  {
                    "minimum_healthy_targets_count": 1,
                    "minimum_healthy_targets_percentage": "off"
                  }
                ]
              }
            ],
            "target_health_state": [
              {
                "enable_unhealthy_connection_termination": null,
                "unhealthy_draining_interval": null
              }
            ],
            "target_type": "ip",
            "vpc_id": "vpc-0b9eb180c506edb68"
          },
          "sensitive_attributes": [],
          "identity_schema_version": 0,
          "private": "bnVsbA==",
          "dependencies": [
            "aws_vpc.main"
          ]
        }
      ]
    },
    {
      "mode": "managed",
      "type": "aws_route_table",
      "name": "public",
      "provider": "provider[\"registry.terraform.io/hashicorp/aws\"]",
      "instances": [
        {
          "schema_version": 0,
          "attributes": {
            "arn": "arn:aws:ec2:us-east-1:702079500523:route-table/rtb-09cbc1cd2b2df5c78",
            "id": "rtb-09cbc1cd2b2df5c78",
            "owner_id": "702079500523",
            "propagating_vgws": [],
            "route": [
              {
                "carrier_gateway_id": "",
                "cidr_block": "0.0.0.0/0",
                "core_network_arn": "",
                "destination_prefix_list_id": "",
                "egress_only_gateway_id": "",
                "gateway_id": "igw-0b5ebfb21c49bfe82",
                "ipv6_cidr_block": "",
                "local_gateway_id": "",
                "nat_gateway_id": "",
                "network_interface_id": "",
                "transit_gateway_id": "",
                "vpc_endpoint_id": "",
                "vpc_peering_connection_id": ""
              }
            ],
            "tags": {
              "Environment": "prod",
              "ManagedBy": "terraform",
              "Name": "ai-agent-chat-prod-public-rt",
              "Project": "ai-agent-chat"
            },
            "tags_all": {
              "Environment": "prod",
              "ManagedBy": "terraform",
              "Name": "ai-agent-chat-prod-public-rt",
              "Project": "ai-agent-chat"
            },
            "timeouts": null,
            "vpc_id": "vpc-0b9eb180c506edb68"
          },
          "sensitive_attributes": [],
          "identity_schema_version": 0,
          "private": "eyJlMmJmYjczMC1lY2FhLTExZTYtOGY4OC0zNDM2M2JjN2M0YzAiOnsiY3JlYXRlIjozMDAwMDAwMDAwMDAsImRlbGV0ZSI6MzAwMDAwMDAwMDAwLCJ1cGRhdGUiOjEyMDAwMDAwMDAwMH19",
          "dependencies": [
            "aws_internet_gateway.main",
            "aws_vpc.main"
          ]
        }
      ]
    },
    {
      "mode": "managed",
      "type": "aws_route_table_association",
      "name": "public",
      "provider": "provider[\"registry.terraform.io/hashicorp/aws\"]",
      "instances": [
        {
          "index_key": 0,
          "schema_version": 0,
          "attributes": {
            "gateway_id": "",
            "id": "rtbassoc-0df8af8603f3cb90b",
            "route_table_id": "rtb-09cbc1cd2b2df5c78",
            "subnet_id": "subnet-0e9308c5fbe8657dd",
            "timeouts": null
          },
          "sensitive_attributes": [],
          "identity_schema_version": 0,
          "private": "eyJlMmJmYjczMC1lY2FhLTExZTYtOGY4OC0zNDM2M2JjN2M0YzAiOnsiY3JlYXRlIjozMDAwMDAwMDAwMDAsImRlbGV0ZSI6MzAwMDAwMDAwMDAwLCJ1cGRhdGUiOjEyMDAwMDAwMDAwMH19",
          "dependencies": [
            "aws_internet_gateway.main",
            "aws_route_table.public",
            "aws_subnet.public",
            "aws_vpc.main",
            "data.aws_availability_zones.available"
          ]
        },
        {
          "index_key": 1,
          "schema_version": 0,
          "attributes": {
            "gateway_id": "",
            "id": "rtbassoc-032798c3952d82713",
            "route_table_id": "rtb-09cbc1cd2b2df5c78",
            "subnet_id": "subnet-034758698c60654fc",
            "timeouts": null
          },
          "sensitive_attributes": [],
          "identity_schema_version": 0,
          "private": "eyJlMmJmYjczMC1lY2FhLTExZTYtOGY4OC0zNDM2M2JjN2M0YzAiOnsiY3JlYXRlIjozMDAwMDAwMDAwMDAsImRlbGV0ZSI6MzAwMDAwMDAwMDAwLCJ1cGRhdGUiOjEyMDAwMDAwMDAwMH19",
          "dependencies": [
            "aws_internet_gateway.main",
            "aws_route_table.public",
            "aws_subnet.public",
            "aws_vpc.main",
            "data.aws_availability_zones.available"
          ]
        }
      ]
    },
    {
      "mode": "managed",
      "type": "aws_s3_bucket",
      "name": "frontend",
      "provider": "provider[\"registry.terraform.io/hashicorp/aws\"]",
      "instances": [
        {
          "schema_version": 0,
          "attributes": {
            "acceleration_status": "",
            "acl": null,
            "arn": "arn:aws:s3:::ai-agent-chat-prod-frontend-702079500523",
            "bucket": "ai-agent-chat-prod-frontend-702079500523",
            "bucket_domain_name": "ai-agent-chat-prod-frontend-702079500523.s3.amazonaws.com",
            "bucket_prefix": "",
            "bucket_regional_domain_name": "ai-agent-chat-prod-frontend-702079500523.s3.us-east-1.amazonaws.com",
            "cors_rule": [],
            "force_destroy": false,
            "grant": [
              {
                "id": "c5b3036897e30db30aa95afd6ed93e14689c533f93035fabb6bb2256fa2c57a0",
                "permissions": [
                  "FULL_CONTROL"
                ],
                "type": "CanonicalUser",
                "uri": ""
              }
            ],
            "hosted_zone_id": "Z3AQBSTGFYJSTF",
            "id": "ai-agent-chat-prod-frontend-702079500523",
            "lifecycle_rule": [],
            "logging": [],
            "object_lock_configuration": [],
            "object_lock_enabled": false,
            "policy": "{\"Statement\":[{\"Action\":\"s3:GetObject\",\"Condition\":{\"StringEquals\":{\"AWS:SourceArn\":\"arn:aws:cloudfront::702079500523:distribution/E657BQ72TKJ8R\"}},\"Effect\":\"Allow\",\"Principal\":{\"Service\":\"cloudfront.amazonaws.com\"},\"Resource\":\"arn:aws:s3:::ai-agent-chat-prod-frontend-702079500523/*\",\"Sid\":\"AllowCloudFrontOAC\"}],\"Version\":\"2012-10-17\"}",
            "region": "us-east-1",
            "replication_configuration": [],
            "request_payer": "BucketOwner",
            "server_side_encryption_configuration": [
              {
                "rule": [
                  {
                    "apply_server_side_encryption_by_default": [
                      {
                        "kms_master_key_id": "",
                        "sse_algorithm": "AES256"
                      }
                    ],
                    "bucket_key_enabled": false
                  }
                ]
              }
            ],
            "tags": {
              "Environment": "prod",
              "ManagedBy": "terraform",
              "Project": "ai-agent-chat"
            },
            "tags_all": {
              "Environment": "prod",
              "ManagedBy": "terraform",
              "Project": "ai-agent-chat"
            },
            "timeouts": null,
            "versioning": [
              {
                "enabled": false,
                "mfa_delete": false
              }
            ],
            "website": [],
            "website_domain": null,
            "website_endpoint": null
          },
          "sensitive_attributes": [],
          "identity_schema_version": 0,
          "private": "eyJlMmJmYjczMC1lY2FhLTExZTYtOGY4OC0zNDM2M2JjN2M0YzAiOnsiY3JlYXRlIjoxMjAwMDAwMDAwMDAwLCJkZWxldGUiOjM2MDAwMDAwMDAwMDAsInJlYWQiOjEyMDAwMDAwMDAwMDAsInVwZGF0ZSI6MTIwMDAwMDAwMDAwMH19",
          "dependencies": [
            "data.aws_caller_identity.current"
          ]
        }
      ]
    },
    {
      "mode": "managed",
      "type": "aws_s3_bucket_policy",
      "name": "frontend",
      "provider": "provider[\"registry.terraform.io/hashicorp/aws\"]",
      "instances": [
        {
          "schema_version": 0,
          "attributes": {
            "bucket": "ai-agent-chat-prod-frontend-702079500523",
            "id": "ai-agent-chat-prod-frontend-702079500523",
            "policy": "{\"Statement\":[{\"Action\":\"s3:GetObject\",\"Condition\":{\"StringEquals\":{\"AWS:SourceArn\":\"arn:aws:cloudfront::702079500523:distribution/E657BQ72TKJ8R\"}},\"Effect\":\"Allow\",\"Principal\":{\"Service\":\"cloudfront.amazonaws.com\"},\"Resource\":\"arn:aws:s3:::ai-agent-chat-prod-frontend-702079500523/*\",\"Sid\":\"AllowCloudFrontOAC\"}],\"Version\":\"2012-10-17\"}"
          },
          "sensitive_attributes": [],
          "identity_schema_version": 0,
          "private": "bnVsbA==",
          "dependencies": [
            "aws_acm_certificate.cloudfront",
            "aws_acm_certificate_validation.cloudfront",
            "aws_cloudfront_cache_policy.api_no_cache",
            "aws_cloudfront_distribution.main",
            "aws_cloudfront_origin_access_control.frontend",
            "aws_cloudfront_origin_request_policy.api_all",
            "aws_lb.main",
            "aws_s3_bucket.frontend",
            "aws_security_group.alb",
            "aws_subnet.public",
            "aws_vpc.main",
            "data.aws_availability_zones.available",
            "data.aws_caller_identity.current"
          ]
        }
      ]
    },
    {
      "mode": "managed",
      "type": "aws_s3_bucket_public_access_block",
      "name": "frontend",
      "provider": "provider[\"registry.terraform.io/hashicorp/aws\"]",
      "instances": [
        {
          "schema_version": 0,
          "attributes": {
            "block_public_acls": true,
            "block_public_policy": true,
            "bucket": "ai-agent-chat-prod-frontend-702079500523",
            "id": "ai-agent-chat-prod-frontend-702079500523",
            "ignore_public_acls": true,
            "restrict_public_buckets": true
          },
          "sensitive_attributes": [],
          "identity_schema_version": 0,
          "private": "bnVsbA==",
          "dependencies": [
            "aws_s3_bucket.frontend",
            "data.aws_caller_identity.current"
          ]
        }
      ]
    },
    {
      "mode": "managed",
      "type": "aws_secretsmanager_secret",
      "name": "database_url",
      "provider": "provider[\"registry.terraform.io/hashicorp/aws\"]",
      "instances": [
        {
          "schema_version": 0,
          "attributes": {
            "arn": "arn:aws:secretsmanager:us-east-1:702079500523:secret:ai-agent-chat-prod/database-url-IU6hMa",
            "description": "",
            "force_overwrite_replica_secret": false,
            "id": "arn:aws:secretsmanager:us-east-1:702079500523:secret:ai-agent-chat-prod/database-url-IU6hMa",
            "kms_key_id": "",
            "name": "ai-agent-chat-prod/database-url",
            "name_prefix": "",
            "policy": "",
            "recovery_window_in_days": 0,
            "replica": [],
            "tags": {
              "Environment": "prod",
              "ManagedBy": "terraform",
              "Project": "ai-agent-chat"
            },
            "tags_all": {
              "Environment": "prod",
              "ManagedBy": "terraform",
              "Project": "ai-agent-chat"
            }
          },
          "sensitive_attributes": [],
          "identity_schema_version": 0,
          "private": "bnVsbA=="
        }
      ]
    },
    {
      "mode": "managed",
      "type": "aws_secretsmanager_secret_version",
      "name": "database_url",
      "provider": "provider[\"registry.terraform.io/hashicorp/aws\"]",
      "instances": [
        {
          "schema_version": 0,
          "attributes": {
            "arn": "arn:aws:secretsmanager:us-east-1:702079500523:secret:ai-agent-chat-prod/database-url-IU6hMa",
            "has_secret_string_wo": null,
            "id": "arn:aws:secretsmanager:us-east-1:702079500523:secret:ai-agent-chat-prod/database-url-IU6hMa|terraform-20260530123637566400000006",
            "secret_binary": "",
            "secret_id": "arn:aws:secretsmanager:us-east-1:702079500523:secret:ai-agent-chat-prod/database-url-IU6hMa",
            "secret_string": "postgresql://chatbot:%wLg\u003e\u003cZsV*TQljK1T9(d\u003c*cn@ai-agent-chat-prod-postgres.c494s8ewwaiq.us-east-1.rds.amazonaws.com:5432/chatbot",
            "secret_string_wo": null,
            "secret_string_wo_version": null,
            "version_id": "terraform-20260530123637566400000006",
            "version_stages": [
              "AWSCURRENT"
            ]
          },
          "sensitive_attributes": [
            [
              {
                "type": "get_attr",
                "value": "secret_binary"
              }
            ],
            [
              {
                "type": "get_attr",
                "value": "secret_string"
              }
            ],
            [
              {
                "type": "get_attr",
                "value": "secret_string_wo"
              }
            ]
          ],
          "identity_schema_version": 0,
          "private": "bnVsbA==",
          "dependencies": [
            "aws_db_instance.main",
            "aws_db_subnet_group.main",
            "aws_secretsmanager_secret.database_url",
            "aws_security_group.alb",
            "aws_security_group.ecs",
            "aws_security_group.rds",
            "aws_subnet.private",
            "aws_vpc.main",
            "data.aws_availability_zones.available",
            "random_password.db"
          ]
        }
      ]
    },
    {
      "mode": "managed",
      "type": "aws_security_group",
      "name": "alb",
      "provider": "provider[\"registry.terraform.io/hashicorp/aws\"]",
      "instances": [
        {
          "schema_version": 1,
          "attributes": {
            "arn": "arn:aws:ec2:us-east-1:702079500523:security-group/sg-09b14d606a97177d9",
            "description": "ALB: allow HTTP/HTTPS inbound from internet",
            "egress": [
              {
                "cidr_blocks": [
                  "0.0.0.0/0"
                ],
                "description": "",
                "from_port": 0,
                "ipv6_cidr_blocks": [],
                "prefix_list_ids": [],
                "protocol": "-1",
                "security_groups": [],
                "self": false,
                "to_port": 0
              }
            ],
            "id": "sg-09b14d606a97177d9",
            "ingress": [
              {
                "cidr_blocks": [
                  "0.0.0.0/0"
                ],
                "description": "HTTP",
                "from_port": 80,
                "ipv6_cidr_blocks": [],
                "prefix_list_ids": [],
                "protocol": "tcp",
                "security_groups": [],
                "self": false,
                "to_port": 80
              },
              {
                "cidr_blocks": [
                  "0.0.0.0/0"
                ],
                "description": "HTTPS",
                "from_port": 443,
                "ipv6_cidr_blocks": [],
                "prefix_list_ids": [],
                "protocol": "tcp",
                "security_groups": [],
                "self": false,
                "to_port": 443
              }
            ],
            "name": "ai-agent-chat-prod-alb-sg",
            "name_prefix": "",
            "owner_id": "702079500523",
            "revoke_rules_on_delete": false,
            "tags": {
              "Environment": "prod",
              "ManagedBy": "terraform",
              "Name": "ai-agent-chat-prod-alb-sg",
              "Project": "ai-agent-chat"
            },
            "tags_all": {
              "Environment": "prod",
              "ManagedBy": "terraform",
              "Name": "ai-agent-chat-prod-alb-sg",
              "Project": "ai-agent-chat"
            },
            "timeouts": null,
            "vpc_id": "vpc-0b9eb180c506edb68"
          },
          "sensitive_attributes": [],
          "identity_schema_version": 0,
          "private": "eyJlMmJmYjczMC1lY2FhLTExZTYtOGY4OC0zNDM2M2JjN2M0YzAiOnsiY3JlYXRlIjo2MDAwMDAwMDAwMDAsImRlbGV0ZSI6OTAwMDAwMDAwMDAwfSwic2NoZW1hX3ZlcnNpb24iOiIxIn0=",
          "dependencies": [
            "aws_vpc.main"
          ]
        }
      ]
    },
    {
      "mode": "managed",
      "type": "aws_security_group",
      "name": "ecs",
      "provider": "provider[\"registry.terraform.io/hashicorp/aws\"]",
      "instances": [
        {
          "schema_version": 1,
          "attributes": {
            "arn": "arn:aws:ec2:us-east-1:702079500523:security-group/sg-0a09b7d83ac82e32d",
            "description": "ECS tasks: inbound from ALB only, unrestricted outbound",
            "egress": [
              {
                "cidr_blocks": [
                  "0.0.0.0/0"
                ],
                "description": "Allow all outbound (Bedrock, ECR, CloudWatch)",
                "from_port": 0,
                "ipv6_cidr_blocks": [],
                "prefix_list_ids": [],
                "protocol": "-1",
                "security_groups": [],
                "self": false,
                "to_port": 0
              }
            ],
            "id": "sg-0a09b7d83ac82e32d",
            "ingress": [
              {
                "cidr_blocks": [],
                "description": "FastAPI from ALB",
                "from_port": 8000,
                "ipv6_cidr_blocks": [],
                "prefix_list_ids": [],
                "protocol": "tcp",
                "security_groups": [
                  "sg-09b14d606a97177d9"
                ],
                "self": false,
                "to_port": 8000
              }
            ],
            "name": "ai-agent-chat-prod-ecs-sg",
            "name_prefix": "",
            "owner_id": "702079500523",
            "revoke_rules_on_delete": false,
            "tags": {
              "Environment": "prod",
              "ManagedBy": "terraform",
              "Name": "ai-agent-chat-prod-ecs-sg",
              "Project": "ai-agent-chat"
            },
            "tags_all": {
              "Environment": "prod",
              "ManagedBy": "terraform",
              "Name": "ai-agent-chat-prod-ecs-sg",
              "Project": "ai-agent-chat"
            },
            "timeouts": null,
            "vpc_id": "vpc-0b9eb180c506edb68"
          },
          "sensitive_attributes": [],
          "identity_schema_version": 0,
          "private": "eyJlMmJmYjczMC1lY2FhLTExZTYtOGY4OC0zNDM2M2JjN2M0YzAiOnsiY3JlYXRlIjo2MDAwMDAwMDAwMDAsImRlbGV0ZSI6OTAwMDAwMDAwMDAwfSwic2NoZW1hX3ZlcnNpb24iOiIxIn0=",
          "dependencies": [
            "aws_security_group.alb",
            "aws_vpc.main"
          ]
        }
      ]
    },
    {
      "mode": "managed",
      "type": "aws_security_group",
      "name": "rds",
      "provider": "provider[\"registry.terraform.io/hashicorp/aws\"]",
      "instances": [
        {
          "schema_version": 1,
          "attributes": {
            "arn": "arn:aws:ec2:us-east-1:702079500523:security-group/sg-0dc40f9297ec07f55",
            "description": "RDS: PostgreSQL inbound from ECS only",
            "egress": [],
            "id": "sg-0dc40f9297ec07f55",
            "ingress": [
              {
                "cidr_blocks": [],
                "description": "PostgreSQL from ECS",
                "from_port": 5432,
                "ipv6_cidr_blocks": [],
                "prefix_list_ids": [],
                "protocol": "tcp",
                "security_groups": [
                  "sg-0a09b7d83ac82e32d"
                ],
                "self": false,
                "to_port": 5432
              }
            ],
            "name": "ai-agent-chat-prod-rds-sg",
            "name_prefix": "",
            "owner_id": "702079500523",
            "revoke_rules_on_delete": false,
            "tags": {
              "Environment": "prod",
              "ManagedBy": "terraform",
              "Name": "ai-agent-chat-prod-rds-sg",
              "Project": "ai-agent-chat"
            },
            "tags_all": {
              "Environment": "prod",
              "ManagedBy": "terraform",
              "Name": "ai-agent-chat-prod-rds-sg",
              "Project": "ai-agent-chat"
            },
            "timeouts": null,
            "vpc_id": "vpc-0b9eb180c506edb68"
          },
          "sensitive_attributes": [],
          "identity_schema_version": 0,
          "private": "eyJlMmJmYjczMC1lY2FhLTExZTYtOGY4OC0zNDM2M2JjN2M0YzAiOnsiY3JlYXRlIjo2MDAwMDAwMDAwMDAsImRlbGV0ZSI6OTAwMDAwMDAwMDAwfSwic2NoZW1hX3ZlcnNpb24iOiIxIn0=",
          "dependencies": [
            "aws_security_group.alb",
            "aws_security_group.ecs",
            "aws_vpc.main"
          ]
        }
      ]
    },
    {
      "mode": "managed",
      "type": "aws_subnet",
      "name": "private",
      "provider": "provider[\"registry.terraform.io/hashicorp/aws\"]",
      "instances": [
        {
          "index_key": 0,
          "schema_version": 1,
          "attributes": {
            "arn": "arn:aws:ec2:us-east-1:702079500523:subnet/subnet-08d29e0aa4f50b2d6",
            "assign_ipv6_address_on_creation": false,
            "availability_zone": "us-east-1a",
            "availability_zone_id": "use1-az1",
            "cidr_block": "10.0.10.0/24",
            "customer_owned_ipv4_pool": "",
            "enable_dns64": false,
            "enable_lni_at_device_index": 0,
            "enable_resource_name_dns_a_record_on_launch": false,
            "enable_resource_name_dns_aaaa_record_on_launch": false,
            "id": "subnet-08d29e0aa4f50b2d6",
            "ipv6_cidr_block": "",
            "ipv6_cidr_block_association_id": "",
            "ipv6_native": false,
            "map_customer_owned_ip_on_launch": false,
            "map_public_ip_on_launch": false,
            "outpost_arn": "",
            "owner_id": "702079500523",
            "private_dns_hostname_type_on_launch": "ip-name",
            "tags": {
              "Environment": "prod",
              "ManagedBy": "terraform",
              "Name": "ai-agent-chat-prod-private-1",
              "Project": "ai-agent-chat",
              "Tier": "private"
            },
            "tags_all": {
              "Environment": "prod",
              "ManagedBy": "terraform",
              "Name": "ai-agent-chat-prod-private-1",
              "Project": "ai-agent-chat",
              "Tier": "private"
            },
            "timeouts": null,
            "vpc_id": "vpc-0b9eb180c506edb68"
          },
          "sensitive_attributes": [],
          "identity_schema_version": 0,
          "private": "eyJlMmJmYjczMC1lY2FhLTExZTYtOGY4OC0zNDM2M2JjN2M0YzAiOnsiY3JlYXRlIjo2MDAwMDAwMDAwMDAsImRlbGV0ZSI6MTIwMDAwMDAwMDAwMH0sInNjaGVtYV92ZXJzaW9uIjoiMSJ9",
          "dependencies": [
            "aws_vpc.main",
            "data.aws_availability_zones.available"
          ]
        },
        {
          "index_key": 1,
          "schema_version": 1,
          "attributes": {
            "arn": "arn:aws:ec2:us-east-1:702079500523:subnet/subnet-03016fbb170f51638",
            "assign_ipv6_address_on_creation": false,
            "availability_zone": "us-east-1b",
            "availability_zone_id": "use1-az2",
            "cidr_block": "10.0.11.0/24",
            "customer_owned_ipv4_pool": "",
            "enable_dns64": false,
            "enable_lni_at_device_index": 0,
            "enable_resource_name_dns_a_record_on_launch": false,
            "enable_resource_name_dns_aaaa_record_on_launch": false,
            "id": "subnet-03016fbb170f51638",
            "ipv6_cidr_block": "",
            "ipv6_cidr_block_association_id": "",
            "ipv6_native": false,
            "map_customer_owned_ip_on_launch": false,
            "map_public_ip_on_launch": false,
            "outpost_arn": "",
            "owner_id": "702079500523",
            "private_dns_hostname_type_on_launch": "ip-name",
            "tags": {
              "Environment": "prod",
              "ManagedBy": "terraform",
              "Name": "ai-agent-chat-prod-private-2",
              "Project": "ai-agent-chat",
              "Tier": "private"
            },
            "tags_all": {
              "Environment": "prod",
              "ManagedBy": "terraform",
              "Name": "ai-agent-chat-prod-private-2",
              "Project": "ai-agent-chat",
              "Tier": "private"
            },
            "timeouts": null,
            "vpc_id": "vpc-0b9eb180c506edb68"
          },
          "sensitive_attributes": [],
          "identity_schema_version": 0,
          "private": "eyJlMmJmYjczMC1lY2FhLTExZTYtOGY4OC0zNDM2M2JjN2M0YzAiOnsiY3JlYXRlIjo2MDAwMDAwMDAwMDAsImRlbGV0ZSI6MTIwMDAwMDAwMDAwMH0sInNjaGVtYV92ZXJzaW9uIjoiMSJ9",
          "dependencies": [
            "aws_vpc.main",
            "data.aws_availability_zones.available"
          ]
        }
      ]
    },
    {
      "mode": "managed",
      "type": "aws_subnet",
      "name": "public",
      "provider": "provider[\"registry.terraform.io/hashicorp/aws\"]",
      "instances": [
        {
          "index_key": 0,
          "schema_version": 1,
          "attributes": {
            "arn": "arn:aws:ec2:us-east-1:702079500523:subnet/subnet-0e9308c5fbe8657dd",
            "assign_ipv6_address_on_creation": false,
            "availability_zone": "us-east-1a",
            "availability_zone_id": "use1-az1",
            "cidr_block": "10.0.1.0/24",
            "customer_owned_ipv4_pool": "",
            "enable_dns64": false,
            "enable_lni_at_device_index": 0,
            "enable_resource_name_dns_a_record_on_launch": false,
            "enable_resource_name_dns_aaaa_record_on_launch": false,
            "id": "subnet-0e9308c5fbe8657dd",
            "ipv6_cidr_block": "",
            "ipv6_cidr_block_association_id": "",
            "ipv6_native": false,
            "map_customer_owned_ip_on_launch": false,
            "map_public_ip_on_launch": true,
            "outpost_arn": "",
            "owner_id": "702079500523",
            "private_dns_hostname_type_on_launch": "ip-name",
            "tags": {
              "Environment": "prod",
              "ManagedBy": "terraform",
              "Name": "ai-agent-chat-prod-public-1",
              "Project": "ai-agent-chat",
              "Tier": "public"
            },
            "tags_all": {
              "Environment": "prod",
              "ManagedBy": "terraform",
              "Name": "ai-agent-chat-prod-public-1",
              "Project": "ai-agent-chat",
              "Tier": "public"
            },
            "timeouts": null,
            "vpc_id": "vpc-0b9eb180c506edb68"
          },
          "sensitive_attributes": [],
          "identity_schema_version": 0,
          "private": "eyJlMmJmYjczMC1lY2FhLTExZTYtOGY4OC0zNDM2M2JjN2M0YzAiOnsiY3JlYXRlIjo2MDAwMDAwMDAwMDAsImRlbGV0ZSI6MTIwMDAwMDAwMDAwMH0sInNjaGVtYV92ZXJzaW9uIjoiMSJ9",
          "dependencies": [
            "aws_vpc.main",
            "data.aws_availability_zones.available"
          ]
        },
        {
          "index_key": 1,
          "schema_version": 1,
          "attributes": {
            "arn": "arn:aws:ec2:us-east-1:702079500523:subnet/subnet-034758698c60654fc",
            "assign_ipv6_address_on_creation": false,
            "availability_zone": "us-east-1b",
            "availability_zone_id": "use1-az2",
            "cidr_block": "10.0.2.0/24",
            "customer_owned_ipv4_pool": "",
            "enable_dns64": false,
            "enable_lni_at_device_index": 0,
            "enable_resource_name_dns_a_record_on_launch": false,
            "enable_resource_name_dns_aaaa_record_on_launch": false,
            "id": "subnet-034758698c60654fc",
            "ipv6_cidr_block": "",
            "ipv6_cidr_block_association_id": "",
            "ipv6_native": false,
            "map_customer_owned_ip_on_launch": false,
            "map_public_ip_on_launch": true,
            "outpost_arn": "",
            "owner_id": "702079500523",
            "private_dns_hostname_type_on_launch": "ip-name",
            "tags": {
              "Environment": "prod",
              "ManagedBy": "terraform",
              "Name": "ai-agent-chat-prod-public-2",
              "Project": "ai-agent-chat",
              "Tier": "public"
            },
            "tags_all": {
              "Environment": "prod",
              "ManagedBy": "terraform",
              "Name": "ai-agent-chat-prod-public-2",
              "Project": "ai-agent-chat",
              "Tier": "public"
            },
            "timeouts": null,
            "vpc_id": "vpc-0b9eb180c506edb68"
          },
          "sensitive_attributes": [],
          "identity_schema_version": 0,
          "private": "eyJlMmJmYjczMC1lY2FhLTExZTYtOGY4OC0zNDM2M2JjN2M0YzAiOnsiY3JlYXRlIjo2MDAwMDAwMDAwMDAsImRlbGV0ZSI6MTIwMDAwMDAwMDAwMH0sInNjaGVtYV92ZXJzaW9uIjoiMSJ9",
          "dependencies": [
            "aws_vpc.main",
            "data.aws_availability_zones.available"
          ]
        }
      ]
    },
    {
      "mode": "managed",
      "type": "aws_vpc",
      "name": "main",
      "provider": "provider[\"registry.terraform.io/hashicorp/aws\"]",
      "instances": [
        {
          "schema_version": 1,
          "attributes": {
            "arn": "arn:aws:ec2:us-east-1:702079500523:vpc/vpc-0b9eb180c506edb68",
            "assign_generated_ipv6_cidr_block": false,
            "cidr_block": "10.0.0.0/16",
            "default_network_acl_id": "acl-0ba5a0810403ee9c7",
            "default_route_table_id": "rtb-08a06165cb111ea2b",
            "default_security_group_id": "sg-00f6b3c0d223dbc22",
            "dhcp_options_id": "dopt-088ea11f01b5e10bb",
            "enable_dns_hostnames": true,
            "enable_dns_support": true,
            "enable_network_address_usage_metrics": false,
            "id": "vpc-0b9eb180c506edb68",
            "instance_tenancy": "default",
            "ipv4_ipam_pool_id": null,
            "ipv4_netmask_length": null,
            "ipv6_association_id": "",
            "ipv6_cidr_block": "",
            "ipv6_cidr_block_network_border_group": "",
            "ipv6_ipam_pool_id": "",
            "ipv6_netmask_length": 0,
            "main_route_table_id": "rtb-08a06165cb111ea2b",
            "owner_id": "702079500523",
            "tags": {
              "Environment": "prod",
              "ManagedBy": "terraform",
              "Name": "ai-agent-chat-prod-vpc",
              "Project": "ai-agent-chat"
            },
            "tags_all": {
              "Environment": "prod",
              "ManagedBy": "terraform",
              "Name": "ai-agent-chat-prod-vpc",
              "Project": "ai-agent-chat"
            }
          },
          "sensitive_attributes": [],
          "identity_schema_version": 0,
          "private": "eyJzY2hlbWFfdmVyc2lvbiI6IjEifQ=="
        }
      ]
    },
    {
      "mode": "managed",
      "type": "random_password",
      "name": "db",
      "provider": "provider[\"registry.terraform.io/hashicorp/random\"]",
      "instances": [
        {
          "schema_version": 3,
          "attributes": {
            "bcrypt_hash": "$2a$10$BVTUh0/DBOE44UIAZNS36uUz7WTVNfpuh.aZBzHEJTcvVUDCH9bAi",
            "id": "none",
            "keepers": null,
            "length": 24,
            "lower": true,
            "min_lower": 0,
            "min_numeric": 0,
            "min_special": 0,
            "min_upper": 0,
            "number": true,
            "numeric": true,
            "override_special": "!#%\u0026*()-_=+[]{}\u003c\u003e:",
            "result": "%wLg\u003e\u003cZsV*TQljK1T9(d\u003c*cn",
            "special": true,
            "upper": true
          },
          "sensitive_attributes": [
            [
              {
                "type": "get_attr",
                "value": "bcrypt_hash"
              }
            ],
            [
              {
                "type": "get_attr",
                "value": "result"
              }
            ]
          ],
          "identity_schema_version": 0
        }
      ]
    }
  ],
  "check_results": null
}
